
Microsoft Visual Studio Solution File, Format Version 12.00
# Visual Studio Version 17
VisualStudioVersion = 17.5.002.0
MinimumVisualStudioVersion = 10.0.40219.1
Project("{9A19103F-16F7-4668-BE54-9A1E7A4F7556}") = "lab1", "lab1\lab1.csproj", "{3ABE4517-F7E2-40D5-8349-37038A96898D}"
EndProject
Project("{9A19103F-16F7-4668-BE54-9A1E7A4F7556}") = "Lab2", "lab2\Lab2.csproj", "{3A26B2B0-5300-4FA7-B410-FC8AAD83AF9C}"
EndProject
Project("{9A19103F-16F7-4668-BE54-9A1E7A4F7556}") = "lab3", "lab3\lab3.csproj", "{9C794A93-2286-47D1-B9AC-2746790B2815}"
EndProject
Project("{9A19103F-16F7-4668-BE54-9A1E7A4F7556}") = "lab4", "lab4\lab4.csproj", "{930B16D8-2578-4184-BBB6-09CAA2C1B032}"
EndProject
Project("{9A19103F-16F7-4668-BE54-9A1E7A4F7556}") = "lab5", "lab5\lab5.csproj", "{5073D3FE-3018-438B-9E2F-57295D27CB95}"
EndProject
Project("{9A19103F-16F7-4668-BE54-9A1E7A4F7556}") = "lab6", "lab6\lab6.csproj", "{B831252F-6784-43C7-8C03-774342E0AFD4}"
EndProject
Project("{9A19103F-16F7-4668-BE54-9A1E7A4F7556}") = "lab7", "lab7\lab7.csproj", "{2617AF61-058E-4F91-BA63-38346DBFEB30}"
EndProject
Project("{2150E333-8FDC-42A3-9474-1A3956D46DE8}") = "lab6", "lab6", "{13D87FDE-C412-4C62-96A1-AF49058ECF9F}"
EndProject
Project("{FAE04EC0-301F-11D3-BF4B-00C04F79EFBC}") = "uplab6", "lab6\uplab6\uplab6.csproj", "{D268E245-527A-4BEC-B339-476025FD9184}"
EndProject
Global
	GlobalSection(SolutionConfigurationPlatforms) = preSolution
		Debug|Any CPU = Debug|Any CPU
		Release|Any CPU = Release|Any CPU
	EndGlobalSection
	GlobalSection(ProjectConfigurationPlatforms) = postSolution
		{3ABE4517-F7E2-40D5-8349-37038A96898D}.Debug|Any CPU.ActiveCfg = Debug|Any CPU
		{3ABE4517-F7E2-40D5-8349-37038A96898D}.Debug|Any CPU.Build.0 = Debug|Any CPU
		{3ABE4517-F7E2-40D5-8349-37038A96898D}.Release|Any CPU.ActiveCfg = Release|Any CPU
		{3ABE4517-F7E2-40D5-8349-37038A96898D}.Release|Any CPU.Build.0 = Release|Any CPU
		{3A26B2B0-5300-4FA7-B410-FC8AAD83AF9C}.Debug|Any CPU.ActiveCfg = Debug|Any CPU
		{3A26B2B0-5300-4FA7-B410-FC8AAD83AF9C}.Debug|Any CPU.Build.0 = Debug|Any CPU
		{3A26B2B0-5300-4FA7-B410-FC8AAD83AF9C}.Release|Any CPU.ActiveCfg = Release|Any CPU
		{3A26B2B0-5300-4FA7-B410-FC8AAD83AF9C}.Release|Any CPU.Build.0 = Release|Any CPU
		{9C794A93-2286-47D1-B9AC-2746790B2815}.Debug|Any CPU.ActiveCfg = Debug|Any CPU
		{9C794A93-2286-47D1-B9AC-2746790B2815}.Debug|Any CPU.Build.0 = Debug|Any CPU
		{9C794A93-2286-47D1-B9AC-2746790B2815}.Release|Any CPU.ActiveCfg = Release|Any CPU
		{9C794A93-2286-47D1-B9AC-2746790B2815}.Release|Any CPU.Build.0 = Release|Any CPU
		{930B16D8-2578-4184-BBB6-09CAA2C1B032}.Debug|Any CPU.ActiveCfg = Debug|Any CPU
		{930B16D8-2578-4184-BBB6-09CAA2C1B032}.Debug|Any CPU.Build.0 = Debug|Any CPU
		{930B16D8-2578-4184-BBB6-09CAA2C1B032}.Release|Any CPU.ActiveCfg = Release|Any CPU
		{930B16D8-2578-4184-BBB6-09CAA2C1B032}.Release|Any CPU.Build.0 = Release|Any CPU
		{5073D3FE-3018-438B-9E2F-57295D27CB95}.Debug|Any CPU.ActiveCfg = Debug|Any CPU
		{5073D3FE-3018-438B-9E2F-57295D27CB95}.Debug|Any CPU.Build.0 = Debug|Any CPU
		{5073D3FE-3018-438B-9E2F-57295D27CB95}.Release|Any CPU.ActiveCfg = Release|Any CPU
		{5073D3FE-3018-438B-9E2F-57295D27CB95}.Release|Any CPU.Build.0 = Release|Any CPU
		{B831252F-6784-43C7-8C03-774342E0AFD4}.Debug|Any CPU.ActiveCfg = Debug|Any CPU
		{B831252F-6784-43C7-8C03-774342E0AFD4}.Debug|Any CPU.Build.0 = Debug|Any CPU
		{B831252F-6784-43C7-8C03-774342E0AFD4}.Release|Any CPU.ActiveCfg = Release|Any CPU
		{B831252F-6784-43C7-8C03-774342E0AFD4}.Release|Any CPU.Build.0 = Release|Any CPU
		{2617AF61-058E-4F91-BA63-38346DBFEB30}.Debug|Any CPU.ActiveCfg = Debug|Any CPU
		{2617AF61-058E-4F91-BA63-38346DBFEB30}.Debug|Any CPU.Build.0 = Debug|Any CPU
		{2617AF61-058E-4F91-BA63-38346DBFEB30}.Release|Any CPU.ActiveCfg = Release|Any CPU
		{2617AF61-058E-4F91-BA63-38346DBFEB30}.Release|Any CPU.Build.0 = Release|Any CPU
		{D268E245-527A-4BEC-B339-476025FD9184}.Debug|Any CPU.ActiveCfg = Debug|Any CPU
		{D268E245-527A-4BEC-B339-476025FD9184}.Debug|Any CPU.Build.0 = Debug|Any CPU
		{D268E245-527A-4BEC-B339-476025FD9184}.Release|Any CPU.ActiveCfg = Release|Any CPU
		{D268E245-527A-4BEC-B339-476025FD9184}.Release|Any CPU.Build.0 = Release|Any CPU
	EndGlobalSection
	GlobalSection(SolutionProperties) = preSolution
		HideSolutionNode = FALSE
	EndGlobalSection
	GlobalSection(ExtensibilityGlobals) = postSolution
		SolutionGuid = {8630DF41-B6ED-4FE2-A4A0-81955F614FA6}
	EndGlobalSection
	GlobalSection(NestedProjects) = preSolution
		{B831252F-6784-43C7-8C03-774342E0AFD4} = {13D87FDE-C412-4C62-96A1-AF49058ECF9F}
		{D268E245-527A-4BEC-B339-476025FD9184} = {13D87FDE-C412-4C62-96A1-AF49058ECF9F}
	EndGlobalSection
EndGlobal
